// !$*UTF8*$!
{
	archiveVersion = 1;
	classes = {
	};
	objectVersion = 56;
	objects = {

/* Begin PBXBuildFile section */
		481489C12B6168F100CC9D85 /* LandmarkRow.swift in Sources */ = {isa = PBXBuildFile; fileRef = 481489C02B6168F100CC9D85 /* LandmarkRow.swift */; };
		481489C52B616E3100CC9D85 /* LandmarkList.swift in Sources */ = {isa = PBXBuildFile; fileRef = 481489C42B616E3100CC9D85 /* LandmarkList.swift */; };
		481489C92B61B50700CC9D85 /* LandmarkDetail.swift in Sources */ = {isa = PBXBuildFile; fileRef = 481489C82B61B50700CC9D85 /* LandmarkDetail.swift */; };
		48756EF02B4A148400A8538B /* LandmarksApp.swift in Sources */ = {isa = PBXBuildFile; fileRef = 48756EEF2B4A148400A8538B /* LandmarksApp.swift */; };
		48756EF22B4A148400A8538B /* ContentView.swift in Sources */ = {isa = PBXBuildFile; fileRef = 48756EF12B4A148400A8538B /* ContentView.swift */; };
		48756EF42B4A148500A8538B /* Assets.xcassets in Resources */ = {isa = PBXBuildFile; fileRef = 48756EF32B4A148500A8538B /* Assets.xcassets */; };
		48756EF72B4A148500A8538B /* Preview Assets.xcassets in Resources */ = {isa = PBXBuildFile; fileRef = 48756EF62B4A148500A8538B /* Preview Assets.xcassets */; };
		48756F002B4A1B0F00A8538B /* CircleImage.swift in Sources */ = {isa = PBXBuildFile; fileRef = 48756EFF2B4A1B0F00A8538B /* CircleImage.swift */; };
		48861A062B4B4CA5005827FB /* MapView.swift in Sources */ = {isa = PBXBuildFile; fileRef = 48861A052B4B4CA5005827FB /* MapView.swift */; };
		48E91D1A2B5F1F8A001ED891 /* landmarkData.json in Resources */ = {isa = PBXBuildFile; fileRef = 48E91D192B5F1F8A001ED891 /* landmarkData.json */; };
		48E91D1C2B5F1FB4001ED891 /* Landmark.swift in Sources */ = {isa = PBXBuildFile; fileRef = 48E91D1B2B5F1FB4001ED891 /* Landmark.swift */; };
		48E91D1E2B5F215A001ED891 /* ModelData.swift in Sources */ = {isa = PBXBuildFile; fileRef = 48E91D1D2B5F215A001ED891 /* ModelData.swift */; };
/* End PBXBuildFile section */

/* Begin PBXFileReference section */
		481489C02B6168F100CC9D85 /* LandmarkRow.swift */ = {isa = PBXFileReference; lastKnownFileType = sourcecode.swift; path = LandmarkRow.swift; sourceTree = "<group>"; };
		481489C42B616E3100CC9D85 /* LandmarkList.swift */ = {isa = PBXFileReference; lastKnownFileType = sourcecode.swift; path = LandmarkList.swift; sourceTree = "<group>"; };
		481489C82B61B50700CC9D85 /* LandmarkDetail.swift */ = {isa = PBXFileReference; lastKnownFileType = sourcecode.swift; path = LandmarkDetail.swift; sourceTree = "<group>"; };
		48756EEC2B4A148400A8538B /* Landmarks.app */ = {isa = PBXFileReference; explicitFileType = wrapper.application; includeInIndex = 0; path = Landmarks.app; sourceTree = BUILT_PRODUCTS_DIR; };
		48756EEF2B4A148400A8538B /* LandmarksApp.swift */ = {isa = PBXFileReference; lastKnownFileType = sourcecode.swift; path = LandmarksApp.swift; sourceTree = "<group>"; };
		48756EF12B4A148400A8538B /* ContentView.swift */ = {isa = PBXFileReference; lastKnownFileType = sourcecode.swift; path = ContentView.swift; sourceTree = "<group>"; };
		48756EF32B4A148500A8538B /* Assets.xcassets */ = {isa = PBXFileReference; lastKnownFileType = folder.assetcatalog; path = Assets.xcassets; sourceTree = "<group>"; };
		48756EF62B4A148500A8538B /* Preview Assets.xcassets */ = {isa = PBXFileReference; lastKnownFileType = folder.assetcatalog; path = "Preview Assets.xcassets"; sourceTree = "<group>"; };
		48756EFF2B4A1B0F00A8538B /* CircleImage.swift */ = {isa = PBXFileReference; lastKnownFileType = sourcecode.swift; path = CircleImage.swift; sourceTree = "<group>"; };
		48861A052B4B4CA5005827FB /* MapView.swift */ = {isa = PBXFileReference; lastKnownFileType = sourcecode.swift; path = MapView.swift; sourceTree = "<group>"; };
		48E91D192B5F1F8A001ED891 /* landmarkData.json */ = {isa = PBXFileReference; fileEncoding = 4; lastKnownFileType = text.json; path = landmarkData.json; sourceTree = "<group>"; };
		48E91D1B2B5F1FB4001ED891 /* Landmark.swift */ = {isa = PBXFileReference; lastKnownFileType = sourcecode.swift; path = Landmark.swift; sourceTree = "<group>"; };
		48E91D1D2B5F215A001ED891 /* ModelData.swift */ = {isa = PBXFileReference; lastKnownFileType = sourcecode.swift; path = ModelData.swift; sourceTree = "<group>"; };
/* End PBXFileReference section */

/* Begin PBXFrameworksBuildPhase section */
		48756EE92B4A148400A8538B /* Frameworks */ = {
			isa = PBXFrameworksBuildPhase;
			buildActionMask = 2147483647;
			files = (
			);
			runOnlyForDeploymentPostprocessing = 0;
		};
/* End PBXFrameworksBuildPhase section */

/* Begin PBXGroup section */
		481489BF2B6168B000CC9D85 /* Models */ = {
			isa = PBXGroup;
			children = (
				481489C32B6169A100CC9D85 /* Landmarks */,
			);
			path = Models;
			sourceTree = "<group>";
		};
		481489C22B61694200CC9D85 /* Views */ = {
			isa = PBXGroup;
			children = (
				481489CB2B6259AD00CC9D85 /* LandMarkDetail */,
				481489CA2B62599000CC9D85 /* LandmarkList */,
			);
			path = Views;
			sourceTree = "<group>";
		};
		481489C32B6169A100CC9D85 /* Landmarks */ = {
			isa = PBXGroup;
			children = (
				48E91D1D2B5F215A001ED891 /* ModelData.swift */,
				48E91D1B2B5F1FB4001ED891 /* Landmark.swift */,
			);
			path = Landmarks;
			sourceTree = "<group>";
		};
		481489CA2B62599000CC9D85 /* LandmarkList */ = {
			isa = PBXGroup;
			children = (
				481489C42B616E3100CC9D85 /* LandmarkList.swift */,
				481489CC2B6259CC00CC9D85 /* Components */,
			);
			path = LandmarkList;
			sourceTree = "<group>";
		};
		481489CB2B6259AD00CC9D85 /* LandMarkDetail */ = {
			isa = PBXGroup;
			children = (
				481489CD2B6259DD00CC9D85 /* Components */,
				481489C82B61B50700CC9D85 /* LandmarkDetail.swift */,
			);
			path = LandMarkDetail;
			sourceTree = "<group>";
		};
		481489CC2B6259CC00CC9D85 /* Components */ = {
			isa = PBXGroup;
			children = (
				481489C02B6168F100CC9D85 /* LandmarkRow.swift */,
			);
			path = Components;
			sourceTree = "<group>";
		};
		481489CD2B6259DD00CC9D85 /* Components */ = {
			isa = PBXGroup;
			children = (
				48756EFF2B4A1B0F00A8538B /* CircleImage.swift */,
				48861A052B4B4CA5005827FB /* MapView.swift */,
			);
			path = Components;
			sourceTree = "<group>";
		};
		48756EE32B4A148400A8538B = {
			isa = PBXGroup;
			children = (
				48756EEE2B4A148400A8538B /* Landmarks */,
				48756EED2B4A148400A8538B /* Products */,
			);
			sourceTree = "<group>";
		};
		48756EED2B4A148400A8538B /* Products */ = {
			isa = PBXGroup;
			children = (
				48756EEC2B4A148400A8538B /* Landmarks.app */,
			);
			name = Products;
			sourceTree = "<group>";
		};
		48756EEE2B4A148400A8538B /* Landmarks */ = {
			isa = PBXGroup;
			children = (
				48756EEF2B4A148400A8538B /* LandmarksApp.swift */,
				48756EF12B4A148400A8538B /* ContentView.swift */,
				481489C22B61694200CC9D85 /* Views */,
				481489BF2B6168B000CC9D85 /* Models */,
				48E91D182B5F1F3F001ED891 /* Resources */,
				48756EF32B4A148500A8538B /* Assets.xcassets */,
				48756EF52B4A148500A8538B /* Preview Content */,
			);
			path = Landmarks;
			sourceTree = "<group>";
		};
		48756EF52B4A148500A8538B /* Preview Content */ = {
			isa = PBXGroup;
			children = (
				48756EF62B4A148500A8538B /* Preview Assets.xcassets */,
			);
			path = "Preview Content";
			sourceTree = "<group>";
		};
		48E91D182B5F1F3F001ED891 /* Resources */ = {
			isa = PBXGroup;
			children = (
				48E91D192B5F1F8A001ED891 /* landmarkData.json */,
			);
			path = Resources;
			sourceTree = "<group>";
		};
/* End PBXGroup section */

/* Begin PBXNativeTarget section */
		48756EEB2B4A148400A8538B /* Landmarks */ = {
			isa = PBXNativeTarget;
			buildConfigurationList = 48756EFA2B4A148500A8538B /* Build configuration list for PBXNativeTarget "Landmarks" */;
			buildPhases = (
				48756EE82B4A148400A8538B /* Sources */,
				48756EE92B4A148400A8538B /* Frameworks */,
				48756EEA2B4A148400A8538B /* Resources */,
			);
			buildRules = (
			);
			dependencies = (
			);
			name = Landmarks;
			productName = Landmarks;
			productReference = 48756EEC2B4A148400A8538B /* Landmarks.app */;
			productType = "com.apple.product-type.application";
		};
/* End PBXNativeTarget section */

/* Begin PBXProject section */
		48756EE42B4A148400A8538B /* Project object */ = {
			isa = PBXProject;
			attributes = {
				BuildIndependentTargetsInParallel = 1;
				LastSwiftUpdateCheck = 1510;
				LastUpgradeCheck = 1510;
				TargetAttributes = {
					48756EEB2B4A148400A8538B = {
						CreatedOnToolsVersion = 15.1;
					};
				};
			};
			buildConfigurationList = 48756EE72B4A148400A8538B /* Build configuration list for PBXProject "Landmarks" */;
			compatibilityVersion = "Xcode 14.0";
			developmentRegion = en;
			hasScannedForEncodings = 0;
			knownRegions = (
				en,
				Base,
			);
			mainGroup = 48756EE32B4A148400A8538B;
			productRefGroup = 48756EED2B4A148400A8538B /* Products */;
			projectDirPath = "";
			projectRoot = "";
			targets = (
				48756EEB2B4A148400A8538B /* Landmarks */,
			);
		};
/* End PBXProject section */

/* Begin PBXResourcesBuildPhase section */
		48756EEA2B4A148400A8538B /* Resources */ = {
			isa = PBXResourcesBuildPhase;
			buildActionMask = 2147483647;
			files = (
				48756EF72B4A148500A8538B /* Preview Assets.xcassets in Resources */,
				48756EF42B4A148500A8538B /* Assets.xcassets in Resources */,
				48E91D1A2B5F1F8A001ED891 /* landmarkData.json in Resources */,
			);
			runOnlyForDeploymentPostprocessing = 0;
		};
/* End PBXResourcesBuildPhase section */

/* Begin PBXSourcesBuildPhase section */
		48756EE82B4A148400A8538B /* Sources */ = {
			isa = PBXSourcesBuildPhase;
			buildActionMask = 2147483647;
			files = (
				48756EF22B4A148400A8538B /* ContentView.swift in Sources */,
				481489C12B6168F100CC9D85 /* LandmarkRow.swift in Sources */,
				48861A062B4B4CA5005827FB /* MapView.swift in Sources */,
				481489C52B616E3100CC9D85 /* LandmarkList.swift in Sources */,
				481489C92B61B50700CC9D85 /* LandmarkDetail.swift in Sources */,
				48756EF02B4A148400A8538B /* LandmarksApp.swift in Sources */,
				48756F002B4A1B0F00A8538B /* CircleImage.swift in Sources */,
				48E91D1C2B5F1FB4001ED891 /* Landmark.swift in Sources */,
				48E91D1E2B5F215A001ED891 /* ModelData.swift in Sources */,
			);
			runOnlyForDeploymentPostprocessing = 0;
		};
/* End PBXSourcesBuildPhase section */

/* Begin XCBuildConfiguration section */
		48756EF82B4A148500A8538B /* Debug */ = {
			isa = XCBuildConfiguration;
			buildSettings = {
				ALWAYS_SEARCH_USER_PATHS = NO;
				ASSETCATALOG_COMPILER_GENERATE_SWIFT_ASSET_SYMBOL_EXTENSIONS = YES;
				CLANG_ANALYZER_NONNULL = YES;
				CLANG_ANALYZER_NUMBER_OBJECT_CONVERSION = YES_AGGRESSIVE;
				CLANG_CXX_LANGUAGE_STANDARD = "gnu++20";
				CLANG_ENABLE_MODULES = YES;
				CLANG_ENABLE_OBJC_ARC = YES;
				CLANG_ENABLE_OBJC_WEAK = YES;
				CLANG_WARN_BLOCK_CAPTURE_AUTORELEASING = YES;
				CLANG_WARN_BOOL_CONVERSION = YES;
				CLANG_WARN_COMMA = YES;
				CLANG_WARN_CONSTANT_CONVERSION = YES;
				CLANG_WARN_DEPRECATED_OBJC_IMPLEMENTATIONS = YES;
				CLANG_WARN_DIRECT_OBJC_ISA_USAGE = YES_ERROR;
				CLANG_WARN_DOCUMENTATION_COMMENTS = YES;
				CLANG_WARN_EMPTY_BODY = YES;
				CLANG_WARN_ENUM_CONVERSION = YES;
				CLANG_WARN_INFINITE_RECURSION = YES;
				CLANG_WARN_INT_CONVERSION = YES;
				CLANG_WARN_NON_LITERAL_NULL_CONVERSION = YES;
				CLANG_WARN_OBJC_IMPLICIT_RETAIN_SELF = YES;
				CLANG_WARN_OBJC_LITERAL_CONVERSION = YES;
				CLANG_WARN_OBJC_ROOT_CLASS = YES_ERROR;
				CLANG_WARN_QUOTED_INCLUDE_IN_FRAMEWORK_HEADER = YES;
				CLANG_WARN_RANGE_LOOP_ANALYSIS = YES;
				CLANG_WARN_STRICT_PROTOTYPES = YES;
				CLANG_WARN_SUSPICIOUS_MOVE = YES;
				CLANG_WARN_UNGUARDED_AVAILABILITY = YES_AGGRESSIVE;
				CLANG_WARN_UNREACHABLE_CODE = YES;
				CLANG_WARN__DUPLICATE_METHOD_MATCH = YES;
				COPY_PHASE_STRIP = NO;
				DEBUG_INFORMATION_FORMAT = dwarf;
				ENABLE_STRICT_OBJC_MSGSEND = YES;
				ENABLE_TESTABILITY = YES;
				ENABLE_USER_SCRIPT_SANDBOXING = YES;
				GCC_C_LANGUAGE_STANDARD = gnu17;
				GCC_DYNAMIC_NO_PIC = NO;
				GCC_NO_COMMON_BLOCKS = YES;
				GCC_OPTIMIZATION_LEVEL = 0;
				GCC_PREPROCESSOR_DEFINITIONS = (
					"DEBUG=1",
					"$(inherited)",
				);
				GCC_WARN_64_TO_32_BIT_CONVERSION = YES;
				GCC_WARN_ABOUT_RETURN_TYPE = YES_ERROR;
				GCC_WARN_UNDECLARED_SELECTOR = YES;
				GCC_WARN_UNINITIALIZED_AUTOS = YES_AGGRESSIVE;
				GCC_WARN_UNUSED_FUNCTION = YES;
				GCC_WARN_UNUSED_VARIABLE = YES;
				IPHONEOS_DEPLOYMENT_TARGET = 17.2;
				LOCALIZATION_PREFERS_STRING_CATALOGS = YES;
				MTL_ENABLE_DEBUG_INFO = INCLUDE_SOURCE;
				MTL_FAST_MATH = YES;
				ONLY_ACTIVE_ARCH = YES;
				SDKROOT = iphoneos;
				SWIFT_ACTIVE_COMPILATION_CONDITIONS = "DEBUG $(inherited)";
				SWIFT_OPTIMIZATION_LEVEL = "-Onone";
			};
			name = Debug;
		};
		48756EF92B4A148500A8538B /* Release */ = {
			isa = XCBuildConfiguration;
			buildSettings = {
				ALWAYS_SEARCH_USER_PATHS = NO;
				ASSETCATALOG_COMPILER_GENERATE_SWIFT_ASSET_SYMBOL_EXTENSIONS = YES;
				CLANG_ANALYZER_NONNULL = YES;
				CLANG_ANALYZER_NUMBER_OBJECT_CONVERSION = YES_AGGRESSIVE;
				CLANG_CXX_LANGUAGE_STANDARD = "gnu++20";
				CLANG_ENABLE_MODULES = YES;
				CLANG_ENABLE_OBJC_ARC = YES;
				CLANG_ENABLE_OBJC_WEAK = YES;
				CLANG_WARN_BLOCK_CAPTURE_AUTORELEASING = YES;
				CLANG_WARN_BOOL_CONVERSION = YES;
				CLANG_WARN_COMMA = YES;
				CLANG_WARN_CONSTANT_CONVERSION = YES;
				CLANG_WARN_DEPRECATED_OBJC_IMPLEMENTATIONS = YES;
				CLANG_WARN_DIRECT_OBJC_ISA_USAGE = YES_ERROR;
				CLANG_WARN_DOCUMENTATION_COMMENTS = YES;
				CLANG_WARN_EMPTY_BODY = YES;
				CLANG_WARN_ENUM_CONVERSION = YES;
				CLANG_WARN_INFINITE_RECURSION = YES;
				CLANG_WARN_INT_CONVERSION = YES;
				CLANG_WARN_NON_LITERAL_NULL_CONVERSION = YES;
				CLANG_WARN_OBJC_IMPLICIT_RETAIN_SELF = YES;
				CLANG_WARN_OBJC_LITERAL_CONVERSION = YES;
				CLANG_WARN_OBJC_ROOT_CLASS = YES_ERROR;
				CLANG_WARN_QUOTED_INCLUDE_IN_FRAMEWORK_HEADER = YES;
				CLANG_WARN_RANGE_LOOP_ANALYSIS = YES;
				CLANG_WARN_STRICT_PROTOTYPES = YES;
				CLANG_WARN_SUSPICIOUS_MOVE = YES;
				CLANG_WARN_UNGUARDED_AVAILABILITY = YES_AGGRESSIVE;
				CLANG_WARN_UNREACHABLE_CODE = YES;
				CLANG_WARN__DUPLICATE_METHOD_MATCH = YES;
				COPY_PHASE_STRIP = NO;
				DEBUG_INFORMATION_FORMAT = "dwarf-with-dsym";
				ENABLE_NS_ASSERTIONS = NO;
				ENABLE_STRICT_OBJC_MSGSEND = YES;
				ENABLE_USER_SCRIPT_SANDBOXING = YES;
				GCC_C_LANGUAGE_STANDARD = gnu17;
				GCC_NO_COMMON_BLOCKS = YES;
				GCC_WARN_64_TO_32_BIT_CONVERSION = YES;
				GCC_WARN_ABOUT_RETURN_TYPE = YES_ERROR;
				GCC_WARN_UNDECLARED_SELECTOR = YES;
				GCC_WARN_UNINITIALIZED_AUTOS = YES_AGGRESSIVE;
				GCC_WARN_UNUSED_FUNCTION = YES;
				GCC_WARN_UNUSED_VARIABLE = YES;
				IPHONEOS_DEPLOYMENT_TARGET = 17.2;
				LOCALIZATION_PREFERS_STRING_CATALOGS = YES;
				MTL_ENABLE_DEBUG_INFO = NO;
				MTL_FAST_MATH = YES;
				SDKROOT = iphoneos;
				SWIFT_COMPILATION_MODE = wholemodule;
				VALIDATE_PRODUCT = YES;
			};
			name = Release;
		};
		48756EFB2B4A148500A8538B /* Debug */ = {
			isa = XCBuildConfiguration;
			buildSettings = {
				ASSETCATALOG_COMPILER_APPICON_NAME = AppIcon;
				ASSETCATALOG_COMPILER_GLOBAL_ACCENT_COLOR_NAME = AccentColor;
				CODE_SIGN_STYLE = Automatic;
				CURRENT_PROJECT_VERSION = 1;
				DEVELOPMENT_ASSET_PATHS = "\"Landmarks/Preview Content\"";
				DEVELOPMENT_TEAM = 5FHF4V6PBZ;
				ENABLE_PREVIEWS = YES;
				GENERATE_INFOPLIST_FILE = YES;
				INFOPLIST_KEY_UIApplicationSceneManifest_Generation = YES;
				INFOPLIST_KEY_UIApplicationSupportsIndirectInputEvents = YES;
				INFOPLIST_KEY_UILaunchScreen_Generation = YES;
				INFOPLIST_KEY_UISupportedInterfaceOrientations_iPad = "UIInterfaceOrientationPortrait UIInterfaceOrientationPortraitUpsideDown UIInterfaceOrientationLandscapeLeft UIInterfaceOrientationLandscapeRight";
				INFOPLIST_KEY_UISupportedInterfaceOrientations_iPhone = "UIInterfaceOrientationPortrait UIInterfaceOrientationLandscapeLeft UIInterfaceOrientationLandscapeRight";
				LD_RUNPATH_SEARCH_PATHS = (
					"$(inherited)",
					"@executable_path/Frameworks",
				);
				MARKETING_VERSION = 1.0;
				PRODUCT_BUNDLE_IDENTIFIER = com.graywolf.Landmarks;
				PRODUCT_NAME = "$(TARGET_NAME)";
				SUPPORTED_PLATFORMS = "iphoneos iphonesimulator";
				SUPPORTS_MACCATALYST = NO;
				SUPPORTS_MAC_DESIGNED_FOR_IPHONE_IPAD = NO;
				SWIFT_EMIT_LOC_STRINGS = YES;
				SWIFT_VERSION = 5.0;
				TARGETED_DEVICE_FAMILY = 1;
			};
			name = Debug;
		};
		48756EFC2B4A148500A8538B /* Release */ = {
			isa = XCBuildConfiguration;
			buildSettings = {
				ASSETCATALOG_COMPILER_APPICON_NAME = AppIcon;
				ASSETCATALOG_COMPILER_GLOBAL_ACCENT_COLOR_NAME = AccentColor;
				CODE_SIGN_STYLE = Automatic;
				CURRENT_PROJECT_VERSION = 1;
				DEVELOPMENT_ASSET_PATHS = "\"Landmarks/Preview Content\"";
				DEVELOPMENT_TEAM = 5FHF4V6PBZ;
				ENABLE_PREVIEWS = YES;
				GENERATE_INFOPLIST_FILE = YES;
				INFOPLIST_KEY_UIApplicationSceneManifest_Generation = YES;
				INFOPLIST_KEY_UIApplicationSupportsIndirectInputEvents = YES;
				INFOPLIST_KEY_UILaunchScreen_Generation = YES;
				INFOPLIST_KEY_UISupportedInterfaceOrientations_iPad = "UIInterfaceOrientationPortrait UIInterfaceOrientationPortraitUpsideDown UIInterfaceOrientationLandscapeLeft UIInterfaceOrientationLandscapeRight";
				INFOPLIST_KEY_UISupportedInterfaceOrientations_iPhone = "UIInterfaceOrientationPortrait UIInterfaceOrientationLandscapeLeft UIInterfaceOrientationLandscapeRight";
				LD_RUNPATH_SEARCH_PATHS = (
					"$(inherited)",
					"@executable_path/Frameworks",
				);
				MARKETING_VERSION = 1.0;
				PRODUCT_BUNDLE_IDENTIFIER = com.graywolf.Landmarks;
				PRODUCT_NAME = "$(TARGET_NAME)";
				SUPPORTED_PLATFORMS = "iphoneos iphonesimulator";
				SUPPORTS_MACCATALYST = NO;
				SUPPORTS_MAC_DESIGNED_FOR_IPHONE_IPAD = NO;
				SWIFT_EMIT_LOC_STRINGS = YES;
				SWIFT_VERSION = 5.0;
				TARGETED_DEVICE_FAMILY = 1;
			};
			name = Release;
		};
/* End XCBuildConfiguration section */

/* Begin XCConfigurationList section */
		48756EE72B4A148400A8538B /* Build configuration list for PBXProject "Landmarks" */ = {
			isa = XCConfigurationList;
			buildConfigurations = (
				48756EF82B4A148500A8538B /* Debug */,
				48756EF92B4A148500A8538B /* Release */,
			);
			defaultConfigurationIsVisible = 0;
			defaultConfigurationName = Release;
		};
		48756EFA2B4A148500A8538B /* Build configuration list for PBXNativeTarget "Landmarks" */ = {
			isa = XCConfigurationList;
			buildConfigurations = (
				48756EFB2B4A148500A8538B /* Debug */,
				48756EFC2B4A148500A8538B /* Release */,
			);
			defaultConfigurationIsVisible = 0;
			defaultConfigurationName = Release;
		};
/* End XCConfigurationList section */
	};
	rootObject = 48756EE42B4A148400A8538B /* Project object */;
}
